
Microsoft Visual Studio Solution File, Format Version 12.00
# Visual Studio 15
VisualStudioVersion = 15.0.28307.1267
MinimumVisualStudioVersion = 10.0.40219.1
Project("{2150E333-8FDC-42A3-9474-1A3956D46DE8}") = "FrontEnd", "FrontEnd", "{281A29D1-F2A8-44DF-9CA3-C0486B9CE216}"
EndProject
Project("{2150E333-8FDC-42A3-9474-1A3956D46DE8}") = "BackEnd", "BackEnd", "{F2DB4A4A-8FE6-43FA-99C8-24E01B589936}"
EndProject
Project("{2150E333-8FDC-42A3-9474-1A3956D46DE8}") = "Transversal", "Transversal", "{817C6AE9-1A37-41DC-AC6D-5E6F052FA0F6}"
EndProject
Project("{FAE04EC0-301F-11D3-BF4B-00C04F79EFBC}") = "ABB.Catalogo.AccesoDatos", "ABB.Catalogo.AccesoDatos\ABB.Catalogo.AccesoDatos.csproj", "{EDF815ED-254F-4776-B779-002C49D76345}"
EndProject
Project("{FAE04EC0-301F-11D3-BF4B-00C04F79EFBC}") = "ABB.Catalogo.LogicaNegocio", "ABB.Catalogo.LogicaNegocio\ABB.Catalogo.LogicaNegocio.csproj", "{63C455F8-DBD2-412F-BF08-A67B6F93ADFD}"
EndProject
Project("{FAE04EC0-301F-11D3-BF4B-00C04F79EFBC}") = "ABB.Catalogo.ClienteWeb", "ABB.Catalogo.ClienteWeb\ABB.Catalogo.ClienteWeb.csproj", "{AE8A1B2B-B5A8-470B-9A21-3ED657CD7749}"
EndProject
Project("{FAE04EC0-301F-11D3-BF4B-00C04F79EFBC}") = "ABB.Catalogo.Entidades", "ABB.Catalogo.Entidades\ABB.Catalogo.Entidades.csproj", "{9F0B7552-6A85-4554-825A-BC177CBF2A4C}"
EndProject
Project("{FAE04EC0-301F-11D3-BF4B-00C04F79EFBC}") = "ABB.Catalogo.Utiles", "ABB.Catalogo.Utiles\ABB.Catalogo.Utiles.csproj", "{218A4CDD-3E44-428F-B58C-9395750E2569}"
EndProject
Project("{FAE04EC0-301F-11D3-BF4B-00C04F79EFBC}") = "ABB.Catalogo.UtilesWeb", "ABB.Catalogo.UtilesWeb\ABB.Catalogo.UtilesWeb.csproj", "{B6C6B597-43A3-4050-9372-155ADAE783DA}"
EndProject
Project("{FAE04EC0-301F-11D3-BF4B-00C04F79EFBC}") = "WebServicesApp", "WebServicesApp\WebServicesApp.csproj", "{AC87F4C5-D96F-4B15-A09A-B586A08ACBF9}"
EndProject
Global
	GlobalSection(SolutionConfigurationPlatforms) = preSolution
		Debug|Any CPU = Debug|Any CPU
		Release|Any CPU = Release|Any CPU
	EndGlobalSection
	GlobalSection(ProjectConfigurationPlatforms) = postSolution
		{EDF815ED-254F-4776-B779-002C49D76345}.Debug|Any CPU.ActiveCfg = Debug|Any CPU
		{EDF815ED-254F-4776-B779-002C49D76345}.Debug|Any CPU.Build.0 = Debug|Any CPU
		{EDF815ED-254F-4776-B779-002C49D76345}.Release|Any CPU.ActiveCfg = Release|Any CPU
		{EDF815ED-254F-4776-B779-002C49D76345}.Release|Any CPU.Build.0 = Release|Any CPU
		{63C455F8-DBD2-412F-BF08-A67B6F93ADFD}.Debug|Any CPU.ActiveCfg = Debug|Any CPU
		{63C455F8-DBD2-412F-BF08-A67B6F93ADFD}.Debug|Any CPU.Build.0 = Debug|Any CPU
		{63C455F8-DBD2-412F-BF08-A67B6F93ADFD}.Release|Any CPU.ActiveCfg = Release|Any CPU
		{63C455F8-DBD2-412F-BF08-A67B6F93ADFD}.Release|Any CPU.Build.0 = Release|Any CPU
		{AE8A1B2B-B5A8-470B-9A21-3ED657CD7749}.Debug|Any CPU.ActiveCfg = Debug|Any CPU
		{AE8A1B2B-B5A8-470B-9A21-3ED657CD7749}.Debug|Any CPU.Build.0 = Debug|Any CPU
		{AE8A1B2B-B5A8-470B-9A21-3ED657CD7749}.Release|Any CPU.ActiveCfg = Release|Any CPU
		{AE8A1B2B-B5A8-470B-9A21-3ED657CD7749}.Release|Any CPU.Build.0 = Release|Any CPU
		{9F0B7552-6A85-4554-825A-BC177CBF2A4C}.Debug|Any CPU.ActiveCfg = Debug|Any CPU
		{9F0B7552-6A85-4554-825A-BC177CBF2A4C}.Debug|Any CPU.Build.0 = Debug|Any CPU
		{9F0B7552-6A85-4554-825A-BC177CBF2A4C}.Release|Any CPU.ActiveCfg = Release|Any CPU
		{9F0B7552-6A85-4554-825A-BC177CBF2A4C}.Release|Any CPU.Build.0 = Release|Any CPU
		{218A4CDD-3E44-428F-B58C-9395750E2569}.Debug|Any CPU.ActiveCfg = Debug|Any CPU
		{218A4CDD-3E44-428F-B58C-9395750E2569}.Debug|Any CPU.Build.0 = Debug|Any CPU
		{218A4CDD-3E44-428F-B58C-9395750E2569}.Release|Any CPU.ActiveCfg = Release|Any CPU
		{218A4CDD-3E44-428F-B58C-9395750E2569}.Release|Any CPU.Build.0 = Release|Any CPU
		{B6C6B597-43A3-4050-9372-155ADAE783DA}.Debug|Any CPU.ActiveCfg = Debug|Any CPU
		{B6C6B597-43A3-4050-9372-155ADAE783DA}.Debug|Any CPU.Build.0 = Debug|Any CPU
		{B6C6B597-43A3-4050-9372-155ADAE783DA}.Release|Any CPU.ActiveCfg = Release|Any CPU
		{B6C6B597-43A3-4050-9372-155ADAE783DA}.Release|Any CPU.Build.0 = Release|Any CPU
		{AC87F4C5-D96F-4B15-A09A-B586A08ACBF9}.Debug|Any CPU.ActiveCfg = Debug|Any CPU
		{AC87F4C5-D96F-4B15-A09A-B586A08ACBF9}.Debug|Any CPU.Build.0 = Debug|Any CPU
		{AC87F4C5-D96F-4B15-A09A-B586A08ACBF9}.Release|Any CPU.ActiveCfg = Release|Any CPU
		{AC87F4C5-D96F-4B15-A09A-B586A08ACBF9}.Release|Any CPU.Build.0 = Release|Any CPU
	EndGlobalSection
	GlobalSection(SolutionProperties) = preSolution
		HideSolutionNode = FALSE
	EndGlobalSection
	GlobalSection(NestedProjects) = preSolution
		{EDF815ED-254F-4776-B779-002C49D76345} = {F2DB4A4A-8FE6-43FA-99C8-24E01B589936}
		{63C455F8-DBD2-412F-BF08-A67B6F93ADFD} = {F2DB4A4A-8FE6-43FA-99C8-24E01B589936}
		{AE8A1B2B-B5A8-470B-9A21-3ED657CD7749} = {281A29D1-F2A8-44DF-9CA3-C0486B9CE216}
		{9F0B7552-6A85-4554-825A-BC177CBF2A4C} = {817C6AE9-1A37-41DC-AC6D-5E6F052FA0F6}
		{218A4CDD-3E44-428F-B58C-9395750E2569} = {817C6AE9-1A37-41DC-AC6D-5E6F052FA0F6}
		{B6C6B597-43A3-4050-9372-155ADAE783DA} = {817C6AE9-1A37-41DC-AC6D-5E6F052FA0F6}
	EndGlobalSection
	GlobalSection(ExtensibilityGlobals) = postSolution
		SolutionGuid = {360FA30A-3AC9-4383-87F7-25FFEF005755}
	EndGlobalSection
EndGlobal
